
Microsoft Visual Studio Solution File, Format Version 12.00
# Visual Studio 15
VisualStudioVersion = 15.0.27703.2018
MinimumVisualStudioVersion = 10.0.40219.1
Project("{FAE04EC0-301F-11D3-BF4B-00C04F79EFBC}") = "HotelBase", "HotelHost\HotelBase.csproj", "{36B99CEA-D60A-4318-A73A-ECDC2B27C2C8}"
EndProject
Project("{FAE04EC0-301F-11D3-BF4B-00C04F79EFBC}") = "Facs", "Facs\Facs.csproj", "{AF71568E-FA0C-4C53-AA49-F2617DBDE1F8}"
EndProject
Global
	GlobalSection(SolutionConfigurationPlatforms) = preSolution
		Debug|Any CPU = Debug|Any CPU
		Release|Any CPU = Release|Any CPU
	EndGlobalSection
	GlobalSection(ProjectConfigurationPlatforms) = postSolution
		{36B99CEA-D60A-4318-A73A-ECDC2B27C2C8}.Debug|Any CPU.ActiveCfg = Debug|Any CPU
		{36B99CEA-D60A-4318-A73A-ECDC2B27C2C8}.Debug|Any CPU.Build.0 = Debug|Any CPU
		{36B99CEA-D60A-4318-A73A-ECDC2B27C2C8}.Release|Any CPU.ActiveCfg = Release|Any CPU
		{36B99CEA-D60A-4318-A73A-ECDC2B27C2C8}.Release|Any CPU.Build.0 = Release|Any CPU
		{AF71568E-FA0C-4C53-AA49-F2617DBDE1F8}.Debug|Any CPU.ActiveCfg = Debug|Any CPU
		{AF71568E-FA0C-4C53-AA49-F2617DBDE1F8}.Debug|Any CPU.Build.0 = Debug|Any CPU
		{AF71568E-FA0C-4C53-AA49-F2617DBDE1F8}.Release|Any CPU.ActiveCfg = Release|Any CPU
		{AF71568E-FA0C-4C53-AA49-F2617DBDE1F8}.Release|Any CPU.Build.0 = Release|Any CPU
	EndGlobalSection
	GlobalSection(SolutionProperties) = preSolution
		HideSolutionNode = FALSE
	EndGlobalSection
	GlobalSection(ExtensibilityGlobals) = postSolution
		SolutionGuid = {BD7C34A6-C49D-48F8-9ED5-B41A7CBDE428}
	EndGlobalSection
EndGlobal
